
Microsoft Visual Studio Solution File, Format Version 12.00
# Visual Studio Version 17
VisualStudioVersion = 17.9.34728.123
MinimumVisualStudioVersion = 10.0.40219.1
Project("{FAE04EC0-301F-11D3-BF4B-00C04F79EFBC}") = "ThreadDemo", "ThreadDemo\ThreadDemo.csproj", "{BBE99C37-5314-468F-8926-560916365CBA}"
EndProject
Global
	GlobalSection(SolutionConfigurationPlatforms) = preSolution
		Debug|Any CPU = Debug|Any CPU
		Release|Any CPU = Release|Any CPU
	EndGlobalSection
	GlobalSection(ProjectConfigurationPlatforms) = postSolution
		{BBE99C37-5314-468F-8926-560916365CBA}.Debug|Any CPU.ActiveCfg = Debug|Any CPU
		{BBE99C37-5314-468F-8926-560916365CBA}.Debug|Any CPU.Build.0 = Debug|Any CPU
		{BBE99C37-5314-468F-8926-560916365CBA}.Release|Any CPU.ActiveCfg = Release|Any CPU
		{BBE99C37-5314-468F-8926-560916365CBA}.Release|Any CPU.Build.0 = Release|Any CPU
	EndGlobalSection
	GlobalSection(SolutionProperties) = preSolution
		HideSolutionNode = FALSE
	EndGlobalSection
	GlobalSection(ExtensibilityGlobals) = postSolution
		SolutionGuid = {206E75D9-CCE5-4499-A008-F29D5FD8ADB7}
	EndGlobalSection
EndGlobal
